
Microsoft Visual Studio Solution File, Format Version 12.00
# Visual Studio 15
VisualStudioVersion = 15.0.27130.2010
MinimumVisualStudioVersion = 10.0.40219.1
Project("{FAE04EC0-301F-11D3-BF4B-00C04F79EFBC}") = "Server", "Server\Server.csproj", "{A811CB77-4C94-4152-AB36-59022979A500}"
EndProject
Project("{FAE04EC0-301F-11D3-BF4B-00C04F79EFBC}") = "Client", "Client\Client.csproj", "{8FD98B2F-72C7-4649-B1E9-FBDBF4843AD1}"
EndProject
Project("{D954291E-2A0B-460D-934E-DC6B0785DB48}") = "Bindings", "Bindings\Bindings.shproj", "{A99A5956-9AAE-4F5B-93A6-0FB6BFA58DB3}"
EndProject
Global
	GlobalSection(SharedMSBuildProjectFiles) = preSolution
		Bindings\Bindings.projitems*{8fd98b2f-72c7-4649-b1e9-fbdbf4843ad1}*SharedItemsImports = 4
		Bindings\Bindings.projitems*{a811cb77-4c94-4152-ab36-59022979a500}*SharedItemsImports = 4
		Bindings\Bindings.projitems*{a99a5956-9aae-4f5b-93a6-0fb6bfa58db3}*SharedItemsImports = 13
	EndGlobalSection
	GlobalSection(SolutionConfigurationPlatforms) = preSolution
		Debug|Any CPU = Debug|Any CPU
		Release|Any CPU = Release|Any CPU
	EndGlobalSection
	GlobalSection(ProjectConfigurationPlatforms) = postSolution
		{A811CB77-4C94-4152-AB36-59022979A500}.Debug|Any CPU.ActiveCfg = Debug|Any CPU
		{A811CB77-4C94-4152-AB36-59022979A500}.Debug|Any CPU.Build.0 = Debug|Any CPU
		{A811CB77-4C94-4152-AB36-59022979A500}.Release|Any CPU.ActiveCfg = Release|Any CPU
		{A811CB77-4C94-4152-AB36-59022979A500}.Release|Any CPU.Build.0 = Release|Any CPU
		{8FD98B2F-72C7-4649-B1E9-FBDBF4843AD1}.Debug|Any CPU.ActiveCfg = Debug|Any CPU
		{8FD98B2F-72C7-4649-B1E9-FBDBF4843AD1}.Debug|Any CPU.Build.0 = Debug|Any CPU
		{8FD98B2F-72C7-4649-B1E9-FBDBF4843AD1}.Release|Any CPU.ActiveCfg = Release|Any CPU
		{8FD98B2F-72C7-4649-B1E9-FBDBF4843AD1}.Release|Any CPU.Build.0 = Release|Any CPU
	EndGlobalSection
	GlobalSection(SolutionProperties) = preSolution
		HideSolutionNode = FALSE
	EndGlobalSection
	GlobalSection(ExtensibilityGlobals) = postSolution
		SolutionGuid = {E6D46B85-1B19-4D6C-8106-AB8E6CD4469D}
	EndGlobalSection
EndGlobal
